{
    "_readme": [
        "This file locks the dependencies of your project to a known state",
        "Read more about it at https://getcomposer.org/doc/01-basic-usage.md#composer-lock-the-lock-file",
        "This file is @generated automatically"
    ],
    "content-hash": "59971935b429f86856900a96231ef5a9",
    "packages": [
        {
            "name": "phore/cli",
            "version": "dev-master",
            "source": {
                "type": "git",
                "url": "https://github.com/phore/cli.git",
                "reference": "53d9ae97398c7356c85740543bb52459a0337153"
            },
            "dist": {
                "type": "zip",
                "url": "https://api.github.com/repos/phore/cli/zipball/53d9ae97398c7356c85740543bb52459a0337153",
                "reference": "53d9ae97398c7356c85740543bb52459a0337153",
                "shasum": ""
            },
            "require": {
                "phore/di-base": "2.1.1",
                "php": ">=7.0"
            },
            "type": "library",
            "autoload": {
                "psr-4": {
                    "Phore\\Cli\\": "/src/Cli/"
                },
                "exclude-from-classmap": [
                    "/test/"
                ]
            },
            "notification-url": "https://packagist.org/downloads/",
            "license": [
                "MIT"
            ],
            "authors": [
                {
                    "name": "Matthias Leuffen",
                    "email": "matthes@leuffen.de"
                }
            ],
            "description": "phore cli interface",
            "homepage": "https://getgismo.com",
            "keywords": [
                "Phore",
                "framework"
            ],
            "time": "2019-05-03T14:49:17+00:00"
        },
        {
            "name": "phore/core",
            "version": "dev-master",
            "source": {
                "type": "git",
                "url": "https://github.com/phore/phore-core.git",
                "reference": "e5c21eaee40fa5c4a29860272dd28fd8b56e4434"
            },
            "dist": {
                "type": "zip",
                "url": "https://api.github.com/repos/phore/phore-core/zipball/e5c21eaee40fa5c4a29860272dd28fd8b56e4434",
                "reference": "e5c21eaee40fa5c4a29860272dd28fd8b56e4434",
                "shasum": ""
            },
            "require": {
                "php": ">=7.1"
            },
            "require-dev": {
                "phpunit/phpunit": "*"
            },
            "type": "library",
            "autoload": {
                "psr-4": {
                    "Phore\\Core\\": "src/"
                },
                "files": [
                    "src/functions.inc.php"
                ]
            },
            "notification-url": "https://packagist.org/downloads/",
            "license": [
                "MIT"
            ],
            "authors": [
                {
                    "name": "Matthias Leuffen",
                    "email": "m@tth.es"
                }
            ],
            "description": "Phore core library",
            "time": "2019-05-22T12:20:18+00:00"
        },
        {
            "name": "phore/di-base",
            "version": "v2.1.1",
            "source": {
                "type": "git",
                "url": "https://github.com/phore/phore-di-base.git",
                "reference": "fef0410bef4d3db8a4c586e85f3c6d6bec830a1b"
            },
            "dist": {
                "type": "zip",
                "url": "https://api.github.com/repos/phore/phore-di-base/zipball/fef0410bef4d3db8a4c586e85f3c6d6bec830a1b",
                "reference": "fef0410bef4d3db8a4c586e85f3c6d6bec830a1b",
                "shasum": ""
            },
            "require": {
                "php": ">=7.0",
                "psr/container": "^1.0"
            },
            "require-dev": {
                "phpunit/phpunit": "*"
            },
            "type": "library",
            "extra": {
                "branch-alias": {
                    "dev-master": "0.1-dev"
                }
            },
            "autoload": {
                "psr-4": {
                    "Phore\\Di\\": "src/Di"
                }
            },
            "notification-url": "https://packagist.org/downloads/",
            "license": [
                "MIT"
            ],
            "authors": [
                {
                    "name": "Matthias Leuffen",
                    "email": "matthes@leuffen.de"
                }
            ],
            "description": "Dependency Injection Base Classes and Interfaces",
            "homepage": "https://getgismo.com",
            "keywords": [
                "Phore",
                "dependency injection",
                "di"
            ],
            "time": "2018-07-10T05:48:13+00:00"
        },
        {
            "name": "phore/filesystem",
            "version": "dev-master",
            "source": {
                "type": "git",
                "url": "https://github.com/phore/phore-filesystem.git",
                "reference": "951b0a0ac23cee2d6f04c2ec73d933c2f435b841"
            },
            "dist": {
                "type": "zip",
                "url": "https://api.github.com/repos/phore/phore-filesystem/zipball/951b0a0ac23cee2d6f04c2ec73d933c2f435b841",
                "reference": "951b0a0ac23cee2d6f04c2ec73d933c2f435b841",
                "shasum": ""
            },
            "require": {
                "ext-json": "*",
                "ext-yaml": "*",
                "phore/core": "dev-master",
                "php": ">7.1",
                "psr/http-message": "^1.0@dev"
            },
            "require-dev": {
                "phpunit/phpunit": "^8.0@dev"
            },
            "type": "library",
            "autoload": {
                "psr-4": {
                    "Phore\\FileSystem\\": "src/"
                },
                "files": [
                    "src/functions.php"
                ]
            },
            "notification-url": "https://packagist.org/downloads/",
            "license": [
                "MIT"
            ],
            "authors": [
                {
                    "name": "Matthias Leuffen",
                    "email": "leuffen@continue.de"
                }
            ],
            "description": "Acces files layer",
            "time": "2019-05-21T22:56:46+00:00"
        },
        {
            "name": "phore/system",
            "version": "dev-master",
            "source": {
                "type": "git",
                "url": "https://github.com/phore/phore-system.git",
                "reference": "564f41ea790d4fb564d65f1533a4aeb9f05dabf0"
            },
            "dist": {
                "type": "zip",
                "url": "https://api.github.com/repos/phore/phore-system/zipball/564f41ea790d4fb564d65f1533a4aeb9f05dabf0",
                "reference": "564f41ea790d4fb564d65f1533a4aeb9f05dabf0",
                "shasum": ""
            },
            "require": {
                "phore/core": "*",
                "php": ">7.1"
            },
            "require-dev": {
                "phpunit/phpunit": "^8.1"
            },
            "type": "library",
            "autoload": {
                "psr-4": {
                    "Phore\\System\\": "src/"
                },
                "files": [
                    "src/functions.php"
                ]
            },
            "notification-url": "https://packagist.org/downloads/",
            "license": [
                "MIT"
            ],
            "authors": [
                {
                    "name": "Matthias Leuffen",
                    "email": "leuffen@continue.de"
                }
            ],
            "description": "Execute shell commands",
            "time": "2019-04-10T17:15:17+00:00"
        },
        {
            "name": "psr/container",
            "version": "dev-master",
            "source": {
                "type": "git",
                "url": "https://github.com/php-fig/container.git",
                "reference": "014d250daebff39eba15ba990eeb2a140798e77c"
            },
            "dist": {
                "type": "zip",
                "url": "https://api.github.com/repos/php-fig/container/zipball/014d250daebff39eba15ba990eeb2a140798e77c",
                "reference": "014d250daebff39eba15ba990eeb2a140798e77c",
                "shasum": ""
            },
            "require": {
                "php": ">=5.3.0"
            },
            "type": "library",
            "extra": {
                "branch-alias": {
                    "dev-master": "1.0.x-dev"
                }
            },
            "autoload": {
                "psr-4": {
                    "Psr\\Container\\": "src/"
                }
            },
            "notification-url": "https://packagist.org/downloads/",
            "license": [
                "MIT"
            ],
            "authors": [
                {
                    "name": "PHP-FIG",
                    "homepage": "http://www.php-fig.org/"
                }
            ],
            "description": "Common Container Interface (PHP FIG PSR-11)",
            "homepage": "https://github.com/php-fig/container",
            "keywords": [
                "PSR-11",
                "container",
                "container-interface",
                "container-interop",
                "psr"
            ],
            "time": "2018-12-29T15:36:03+00:00"
        },
        {
            "name": "psr/http-message",
            "version": "dev-master",
            "source": {
                "type": "git",
                "url": "https://github.com/php-fig/http-message.git",
                "reference": "f6561bf28d520154e4b0ec72be95418abe6d9363"
            },
            "dist": {
                "type": "zip",
                "url": "https://api.github.com/repos/php-fig/http-message/zipball/f6561bf28d520154e4b0ec72be95418abe6d9363",
                "reference": "f6561bf28d520154e4b0ec72be95418abe6d9363",
                "shasum": ""
            },
            "require": {
                "php": ">=5.3.0"
            },
            "type": "library",
            "extra": {
                "branch-alias": {
                    "dev-master": "1.0.x-dev"
                }
            },
            "autoload": {
                "psr-4": {
                    "Psr\\Http\\Message\\": "src/"
                }
            },
            "notification-url": "https://packagist.org/downloads/",
            "license": [
                "MIT"
            ],
            "authors": [
                {
                    "name": "PHP-FIG",
                    "homepage": "http://www.php-fig.org/"
                }
            ],
            "description": "Common interface for HTTP messages",
            "homepage": "https://github.com/php-fig/http-message",
            "keywords": [
                "http",
                "http-message",
                "psr",
                "psr-7",
                "request",
                "response"
            ],
            "time": "2016-08-06T14:39:51+00:00"
        },
        {
            "name": "text/template",
            "version": "dev-master",
            "source": {
                "type": "git",
                "url": "https://github.com/dermatthes/text-template.git",
                "reference": "5ab7b350f4356621e2e26ad06e1265aaec162520"
            },
            "dist": {
                "type": "zip",
                "url": "https://api.github.com/repos/dermatthes/text-template/zipball/5ab7b350f4356621e2e26ad06e1265aaec162520",
                "reference": "5ab7b350f4356621e2e26ad06e1265aaec162520",
                "shasum": ""
            },
            "require": {
                "ext-pcre": "*",
                "php": ">=5.4"
            },
            "require-dev": {
                "nette/tester": "*",
                "phpunit/phpcov": "^2.0",
                "satooshi/php-coveralls": "*"
            },
            "type": "library",
            "autoload": {
                "psr-4": {
                    "Leuffen\\TextTemplate\\": "src/"
                }
            },
            "notification-url": "https://packagist.org/downloads/",
            "license": [
                "MIT"
            ],
            "authors": [
                {
                    "name": "Matthias Leuffen",
                    "email": "matthes@leuffen.de"
                }
            ],
            "description": "Simple and secure string-template-engine (Twig-like syntax) with nested if/elseif/else, loops, filters. Simple OOP api: Just one class doing the job (2-lines of code). Fast and secure: No code-generation, no eval'ed() code. Extensible by callbacks. Fully tested. Rich examples included.",
            "homepage": "http://text-template.pub.leuffen.de",
            "keywords": [
                "filter",
                "for",
                "if",
                "loop",
                "mail",
                "render",
                "smarty",
                "template",
                "text",
                "twig"
            ],
            "time": "2019-04-15T07:52:34+00:00"
        }
    ],
    "packages-dev": [],
    "aliases": [],
    "minimum-stability": "dev",
    "stability-flags": {
        "phore/cli": 20,
        "text/template": 20,
        "phore/filesystem": 20,
        "phore/system": 20
    },
    "prefer-stable": false,
    "prefer-lowest": false,
    "platform": {
        "php": ">=7.2",
        "ext-pcre": "*"
    },
    "platform-dev": []
}
